
Microsoft Visual Studio Solution File, Format Version 12.00
# Visual Studio Version 17
VisualStudioVersion = 17.1.32210.238
MinimumVisualStudioVersion = 10.0.40219.1
Project("{FAE04EC0-301F-11D3-BF4B-00C04F79EFBC}") = "Grade_Book", "Grade_Book\Grade_Book.csproj", "{2DE2D4C7-CDBA-4F0B-B105-64F9BCADEC1B}"
EndProject
Global
	GlobalSection(SolutionConfigurationPlatforms) = preSolution
		Debug|Any CPU = Debug|Any CPU
		Release|Any CPU = Release|Any CPU
	EndGlobalSection
	GlobalSection(ProjectConfigurationPlatforms) = postSolution
		{2DE2D4C7-CDBA-4F0B-B105-64F9BCADEC1B}.Debug|Any CPU.ActiveCfg = Debug|Any CPU
		{2DE2D4C7-CDBA-4F0B-B105-64F9BCADEC1B}.Debug|Any CPU.Build.0 = Debug|Any CPU
		{2DE2D4C7-CDBA-4F0B-B105-64F9BCADEC1B}.Release|Any CPU.ActiveCfg = Release|Any CPU
		{2DE2D4C7-CDBA-4F0B-B105-64F9BCADEC1B}.Release|Any CPU.Build.0 = Release|Any CPU
	EndGlobalSection
	GlobalSection(SolutionProperties) = preSolution
		HideSolutionNode = FALSE
	EndGlobalSection
	GlobalSection(ExtensibilityGlobals) = postSolution
		SolutionGuid = {1914607F-23A3-4E9E-9DC6-5E3FB29A35AE}
	EndGlobalSection
EndGlobal
